
Microsoft Visual Studio Solution File, Format Version 12.00
# Visual Studio 2012
Project("{FAE04EC0-301F-11D3-BF4B-00C04F79EFBC}") = "FinalProject", "FinalProject\FinalProject.csproj", "{D2A974A6-2C2A-4C05-9CBF-99F9131B8FE1}"
EndProject
Global
	GlobalSection(SolutionConfigurationPlatforms) = preSolution
		Debug|Any CPU = Debug|Any CPU
		Release|Any CPU = Release|Any CPU
	EndGlobalSection
	GlobalSection(ProjectConfigurationPlatforms) = postSolution
		{D2A974A6-2C2A-4C05-9CBF-99F9131B8FE1}.Debug|Any CPU.ActiveCfg = Debug|Any CPU
		{D2A974A6-2C2A-4C05-9CBF-99F9131B8FE1}.Debug|Any CPU.Build.0 = Debug|Any CPU
		{D2A974A6-2C2A-4C05-9CBF-99F9131B8FE1}.Release|Any CPU.ActiveCfg = Release|Any CPU
		{D2A974A6-2C2A-4C05-9CBF-99F9131B8FE1}.Release|Any CPU.Build.0 = Release|Any CPU
	EndGlobalSection
	GlobalSection(SolutionProperties) = preSolution
		HideSolutionNode = FALSE
	EndGlobalSection
EndGlobal
